
Microsoft Visual Studio Solution File, Format Version 12.00
# Visual Studio 2012
Project("{FAE04EC0-301F-11D3-BF4B-00C04F79EFBC}") = "SimpleLangLexer", "SimpleLangLexer.csproj", "{28C0284B-2F43-45D6-A77F-AB08F919717D}"
EndProject
Project("{FAE04EC0-301F-11D3-BF4B-00C04F79EFBC}") = "SimpleLangLexerTest", "..\SimpleLangLexerTest\SimpleLangLexerTest.csproj", "{9EE96E14-A541-4EAD-AD34-2A9011ED12C1}"
	ProjectSection(ProjectDependencies) = postProject
		{28C0284B-2F43-45D6-A77F-AB08F919717D} = {28C0284B-2F43-45D6-A77F-AB08F919717D}
	EndProjectSection
EndProject
Global
	GlobalSection(SolutionConfigurationPlatforms) = preSolution
		Debug|Any CPU = Debug|Any CPU
		Release|Any CPU = Release|Any CPU
	EndGlobalSection
	GlobalSection(ProjectConfigurationPlatforms) = postSolution
		{28C0284B-2F43-45D6-A77F-AB08F919717D}.Debug|Any CPU.ActiveCfg = Debug|Any CPU
		{28C0284B-2F43-45D6-A77F-AB08F919717D}.Debug|Any CPU.Build.0 = Debug|Any CPU
		{28C0284B-2F43-45D6-A77F-AB08F919717D}.Release|Any CPU.ActiveCfg = Release|Any CPU
		{28C0284B-2F43-45D6-A77F-AB08F919717D}.Release|Any CPU.Build.0 = Release|Any CPU
		{9EE96E14-A541-4EAD-AD34-2A9011ED12C1}.Debug|Any CPU.ActiveCfg = Debug|Any CPU
		{9EE96E14-A541-4EAD-AD34-2A9011ED12C1}.Debug|Any CPU.Build.0 = Debug|Any CPU
		{9EE96E14-A541-4EAD-AD34-2A9011ED12C1}.Release|Any CPU.ActiveCfg = Release|Any CPU
		{9EE96E14-A541-4EAD-AD34-2A9011ED12C1}.Release|Any CPU.Build.0 = Release|Any CPU
	EndGlobalSection
	GlobalSection(SolutionProperties) = preSolution
		HideSolutionNode = FALSE
	EndGlobalSection
EndGlobal
