
Microsoft Visual Studio Solution File, Format Version 12.00
# Visual Studio Version 16
VisualStudioVersion = 16.0.29025.244
MinimumVisualStudioVersion = 10.0.40219.1
Project("{FAE04EC0-301F-11D3-BF4B-00C04F79EFBC}") = "Lexer", "Module1\Lexer.csproj", "{9715D879-F06E-4A65-ADA0-A4DF3619119D}"
EndProject
Project("{FAE04EC0-301F-11D3-BF4B-00C04F79EFBC}") = "SimpleLexer", "Module2\SimpleLangLexer\SimpleLexer.csproj", "{28C0284B-2F43-45D6-A77F-AB08F919717D}"
EndProject
Project("{FAE04EC0-301F-11D3-BF4B-00C04F79EFBC}") = "SimpleLexerDemo", "Module2\SimpleLexerDemo\SimpleLexerDemo.csproj", "{9EE96E14-A541-4EAD-AD34-2A9011ED12C1}"
EndProject
Project("{FAE04EC0-301F-11D3-BF4B-00C04F79EFBC}") = "TestSimpleLexer", "TestSimpleLexer\TestSimpleLexer.csproj", "{53767749-BCA6-4A3A-A4E6-D23519008305}"
EndProject
Project("{FAE04EC0-301F-11D3-BF4B-00C04F79EFBC}") = "TestLexer", "TestLexer\TestLexer.csproj", "{144BB4B2-AC18-4A38-9BEC-98BB22EB3382}"
EndProject
Project("{FAE04EC0-301F-11D3-BF4B-00C04F79EFBC}") = "RecursiveDescentParser", "Module4\SimpleLangParser\RecursiveDescentParser.csproj", "{837BC9FE-DAA9-416E-BCCE-0235E5C38D4B}"
EndProject
Project("{FAE04EC0-301F-11D3-BF4B-00C04F79EFBC}") = "RecursiveDescentParserDemo", "Module4\SimpleLangParserTest\RecursiveDescentParserDemo.csproj", "{5DD15A1A-760A-4A3F-BA1B-A23ACDF5CC87}"
EndProject
Project("{FAE04EC0-301F-11D3-BF4B-00C04F79EFBC}") = "GeneratedParser", "Module5\GeneratedParser.csproj", "{0ED50D29-F6C3-44F3-BF13-BC1A433F6119}"
	ProjectSection(ProjectDependencies) = postProject
		{4DD13462-DCB4-4C3E-B777-7FEA90CEA9D1} = {4DD13462-DCB4-4C3E-B777-7FEA90CEA9D1}
	EndProjectSection
EndProject
Project("{FAE04EC0-301F-11D3-BF4B-00C04F79EFBC}") = "ParserAST", "Module6\ParserAST.csproj", "{9815F576-CAB5-4D52-9963-F9B8277E340C}"
EndProject
Project("{FAE04EC0-301F-11D3-BF4B-00C04F79EFBC}") = "ParserVistors", "Module7\ParserVistors.csproj", "{5F9F534D-DDE0-4B4A-9BC2-2AF8C9ED83FA}"
EndProject
Project("{FAE04EC0-301F-11D3-BF4B-00C04F79EFBC}") = "ParserGenerator", "Module8\ParserGenerator.csproj", "{F8734914-3677-4A80-A87D-C274F52576FD}"
EndProject
Project("{FAE04EC0-301F-11D3-BF4B-00C04F79EFBC}") = "GeneratedLexer", "Module3\GeneratedLexer.csproj", "{4DD13462-DCB4-4C3E-B777-7FEA90CEA9D1}"
EndProject
Project("{FAE04EC0-301F-11D3-BF4B-00C04F79EFBC}") = "TestGeneratedLexer", "TestGeneratedLexer\TestGeneratedLexer.csproj", "{24413F87-3568-4BDF-ADC8-760086CEE37A}"
EndProject
Project("{FAE04EC0-301F-11D3-BF4B-00C04F79EFBC}") = "TestDescentParser", "TestDescentParser\TestDescentParser.csproj", "{F6EABC41-B147-44EB-B6EF-13C3183C9961}"
EndProject
Project("{FAE04EC0-301F-11D3-BF4B-00C04F79EFBC}") = "TestGeneratedParser", "TestGeneratedParser\TestGeneratedParser.csproj", "{76382857-9D1F-4098-8376-48EF4A702445}"
EndProject
Project("{FAE04EC0-301F-11D3-BF4B-00C04F79EFBC}") = "TestASTParser", "TestASTParser\TestASTParser.csproj", "{71D0BFF1-8F45-450E-A78F-153391124637}"
EndProject
Project("{FAE04EC0-301F-11D3-BF4B-00C04F79EFBC}") = "TestVisitors", "TestVisitors\TestVisitors.csproj", "{365C36ED-B8E4-428A-9AF4-A3142E06FE1E}"
EndProject
Project("{FAE04EC0-301F-11D3-BF4B-00C04F79EFBC}") = "TestCodeGenerator", "TestCodeGenerator\TestCodeGenerator.csproj", "{186EE1C7-7F34-4428-8A82-F63C8D4368E8}"
EndProject
Project("{FAE04EC0-301F-11D3-BF4B-00C04F79EFBC}") = "NunitReport", "NunitReportParser\NunitReport.csproj", "{88E96425-F1E4-4092-8524-9C13225D2214}"
EndProject
Global
	GlobalSection(SolutionConfigurationPlatforms) = preSolution
		Debug|Any CPU = Debug|Any CPU
		Release|Any CPU = Release|Any CPU
	EndGlobalSection
	GlobalSection(ProjectConfigurationPlatforms) = postSolution
		{9715D879-F06E-4A65-ADA0-A4DF3619119D}.Debug|Any CPU.ActiveCfg = Debug|Any CPU
		{9715D879-F06E-4A65-ADA0-A4DF3619119D}.Debug|Any CPU.Build.0 = Debug|Any CPU
		{9715D879-F06E-4A65-ADA0-A4DF3619119D}.Release|Any CPU.ActiveCfg = Release|Any CPU
		{9715D879-F06E-4A65-ADA0-A4DF3619119D}.Release|Any CPU.Build.0 = Release|Any CPU
		{28C0284B-2F43-45D6-A77F-AB08F919717D}.Debug|Any CPU.ActiveCfg = Debug|Any CPU
		{28C0284B-2F43-45D6-A77F-AB08F919717D}.Debug|Any CPU.Build.0 = Debug|Any CPU
		{28C0284B-2F43-45D6-A77F-AB08F919717D}.Release|Any CPU.ActiveCfg = Release|Any CPU
		{28C0284B-2F43-45D6-A77F-AB08F919717D}.Release|Any CPU.Build.0 = Release|Any CPU
		{9EE96E14-A541-4EAD-AD34-2A9011ED12C1}.Debug|Any CPU.ActiveCfg = Debug|Any CPU
		{9EE96E14-A541-4EAD-AD34-2A9011ED12C1}.Debug|Any CPU.Build.0 = Debug|Any CPU
		{9EE96E14-A541-4EAD-AD34-2A9011ED12C1}.Release|Any CPU.ActiveCfg = Release|Any CPU
		{9EE96E14-A541-4EAD-AD34-2A9011ED12C1}.Release|Any CPU.Build.0 = Release|Any CPU
		{53767749-BCA6-4A3A-A4E6-D23519008305}.Debug|Any CPU.ActiveCfg = Debug|Any CPU
		{53767749-BCA6-4A3A-A4E6-D23519008305}.Debug|Any CPU.Build.0 = Debug|Any CPU
		{53767749-BCA6-4A3A-A4E6-D23519008305}.Release|Any CPU.ActiveCfg = Release|Any CPU
		{53767749-BCA6-4A3A-A4E6-D23519008305}.Release|Any CPU.Build.0 = Release|Any CPU
		{144BB4B2-AC18-4A38-9BEC-98BB22EB3382}.Debug|Any CPU.ActiveCfg = Debug|Any CPU
		{144BB4B2-AC18-4A38-9BEC-98BB22EB3382}.Debug|Any CPU.Build.0 = Debug|Any CPU
		{144BB4B2-AC18-4A38-9BEC-98BB22EB3382}.Release|Any CPU.ActiveCfg = Release|Any CPU
		{144BB4B2-AC18-4A38-9BEC-98BB22EB3382}.Release|Any CPU.Build.0 = Release|Any CPU
		{837BC9FE-DAA9-416E-BCCE-0235E5C38D4B}.Debug|Any CPU.ActiveCfg = Debug|Any CPU
		{837BC9FE-DAA9-416E-BCCE-0235E5C38D4B}.Debug|Any CPU.Build.0 = Debug|Any CPU
		{837BC9FE-DAA9-416E-BCCE-0235E5C38D4B}.Release|Any CPU.ActiveCfg = Release|Any CPU
		{837BC9FE-DAA9-416E-BCCE-0235E5C38D4B}.Release|Any CPU.Build.0 = Release|Any CPU
		{5DD15A1A-760A-4A3F-BA1B-A23ACDF5CC87}.Debug|Any CPU.ActiveCfg = Debug|Any CPU
		{5DD15A1A-760A-4A3F-BA1B-A23ACDF5CC87}.Debug|Any CPU.Build.0 = Debug|Any CPU
		{5DD15A1A-760A-4A3F-BA1B-A23ACDF5CC87}.Release|Any CPU.ActiveCfg = Release|Any CPU
		{5DD15A1A-760A-4A3F-BA1B-A23ACDF5CC87}.Release|Any CPU.Build.0 = Release|Any CPU
		{0ED50D29-F6C3-44F3-BF13-BC1A433F6119}.Debug|Any CPU.ActiveCfg = Debug|Any CPU
		{0ED50D29-F6C3-44F3-BF13-BC1A433F6119}.Debug|Any CPU.Build.0 = Debug|Any CPU
		{0ED50D29-F6C3-44F3-BF13-BC1A433F6119}.Release|Any CPU.ActiveCfg = Release|x86
		{0ED50D29-F6C3-44F3-BF13-BC1A433F6119}.Release|Any CPU.Build.0 = Release|x86
		{9815F576-CAB5-4D52-9963-F9B8277E340C}.Debug|Any CPU.ActiveCfg = Debug|Any CPU
		{9815F576-CAB5-4D52-9963-F9B8277E340C}.Debug|Any CPU.Build.0 = Debug|Any CPU
		{9815F576-CAB5-4D52-9963-F9B8277E340C}.Release|Any CPU.ActiveCfg = Release|x86
		{9815F576-CAB5-4D52-9963-F9B8277E340C}.Release|Any CPU.Build.0 = Release|x86
		{5F9F534D-DDE0-4B4A-9BC2-2AF8C9ED83FA}.Debug|Any CPU.ActiveCfg = Debug|Any CPU
		{5F9F534D-DDE0-4B4A-9BC2-2AF8C9ED83FA}.Debug|Any CPU.Build.0 = Debug|Any CPU
		{5F9F534D-DDE0-4B4A-9BC2-2AF8C9ED83FA}.Release|Any CPU.ActiveCfg = Release|x86
		{5F9F534D-DDE0-4B4A-9BC2-2AF8C9ED83FA}.Release|Any CPU.Build.0 = Release|x86
		{F8734914-3677-4A80-A87D-C274F52576FD}.Debug|Any CPU.ActiveCfg = Debug|Any CPU
		{F8734914-3677-4A80-A87D-C274F52576FD}.Debug|Any CPU.Build.0 = Debug|Any CPU
		{F8734914-3677-4A80-A87D-C274F52576FD}.Release|Any CPU.ActiveCfg = Release|x86
		{F8734914-3677-4A80-A87D-C274F52576FD}.Release|Any CPU.Build.0 = Release|x86
		{4DD13462-DCB4-4C3E-B777-7FEA90CEA9D1}.Debug|Any CPU.ActiveCfg = Debug|Any CPU
		{4DD13462-DCB4-4C3E-B777-7FEA90CEA9D1}.Debug|Any CPU.Build.0 = Debug|Any CPU
		{4DD13462-DCB4-4C3E-B777-7FEA90CEA9D1}.Release|Any CPU.ActiveCfg = Release|Any CPU
		{4DD13462-DCB4-4C3E-B777-7FEA90CEA9D1}.Release|Any CPU.Build.0 = Release|Any CPU
		{24413F87-3568-4BDF-ADC8-760086CEE37A}.Debug|Any CPU.ActiveCfg = Debug|Any CPU
		{24413F87-3568-4BDF-ADC8-760086CEE37A}.Debug|Any CPU.Build.0 = Debug|Any CPU
		{24413F87-3568-4BDF-ADC8-760086CEE37A}.Release|Any CPU.ActiveCfg = Release|Any CPU
		{24413F87-3568-4BDF-ADC8-760086CEE37A}.Release|Any CPU.Build.0 = Release|Any CPU
		{F6EABC41-B147-44EB-B6EF-13C3183C9961}.Debug|Any CPU.ActiveCfg = Debug|Any CPU
		{F6EABC41-B147-44EB-B6EF-13C3183C9961}.Debug|Any CPU.Build.0 = Debug|Any CPU
		{F6EABC41-B147-44EB-B6EF-13C3183C9961}.Release|Any CPU.ActiveCfg = Release|Any CPU
		{F6EABC41-B147-44EB-B6EF-13C3183C9961}.Release|Any CPU.Build.0 = Release|Any CPU
		{76382857-9D1F-4098-8376-48EF4A702445}.Debug|Any CPU.ActiveCfg = Debug|Any CPU
		{76382857-9D1F-4098-8376-48EF4A702445}.Debug|Any CPU.Build.0 = Debug|Any CPU
		{76382857-9D1F-4098-8376-48EF4A702445}.Release|Any CPU.ActiveCfg = Release|Any CPU
		{76382857-9D1F-4098-8376-48EF4A702445}.Release|Any CPU.Build.0 = Release|Any CPU
		{71D0BFF1-8F45-450E-A78F-153391124637}.Debug|Any CPU.ActiveCfg = Debug|Any CPU
		{71D0BFF1-8F45-450E-A78F-153391124637}.Debug|Any CPU.Build.0 = Debug|Any CPU
		{71D0BFF1-8F45-450E-A78F-153391124637}.Release|Any CPU.ActiveCfg = Release|Any CPU
		{71D0BFF1-8F45-450E-A78F-153391124637}.Release|Any CPU.Build.0 = Release|Any CPU
		{365C36ED-B8E4-428A-9AF4-A3142E06FE1E}.Debug|Any CPU.ActiveCfg = Debug|Any CPU
		{365C36ED-B8E4-428A-9AF4-A3142E06FE1E}.Debug|Any CPU.Build.0 = Debug|Any CPU
		{365C36ED-B8E4-428A-9AF4-A3142E06FE1E}.Release|Any CPU.ActiveCfg = Release|Any CPU
		{365C36ED-B8E4-428A-9AF4-A3142E06FE1E}.Release|Any CPU.Build.0 = Release|Any CPU
		{186EE1C7-7F34-4428-8A82-F63C8D4368E8}.Debug|Any CPU.ActiveCfg = Debug|Any CPU
		{186EE1C7-7F34-4428-8A82-F63C8D4368E8}.Debug|Any CPU.Build.0 = Debug|Any CPU
		{186EE1C7-7F34-4428-8A82-F63C8D4368E8}.Release|Any CPU.ActiveCfg = Release|Any CPU
		{186EE1C7-7F34-4428-8A82-F63C8D4368E8}.Release|Any CPU.Build.0 = Release|Any CPU
		{88E96425-F1E4-4092-8524-9C13225D2214}.Debug|Any CPU.ActiveCfg = Debug|Any CPU
		{88E96425-F1E4-4092-8524-9C13225D2214}.Debug|Any CPU.Build.0 = Debug|Any CPU
		{88E96425-F1E4-4092-8524-9C13225D2214}.Release|Any CPU.ActiveCfg = Release|Any CPU
		{88E96425-F1E4-4092-8524-9C13225D2214}.Release|Any CPU.Build.0 = Release|Any CPU
	EndGlobalSection
	GlobalSection(SolutionProperties) = preSolution
		HideSolutionNode = FALSE
	EndGlobalSection
	GlobalSection(ExtensibilityGlobals) = postSolution
		SolutionGuid = {5CD1813A-8F3E-4118-810A-DA7A336FE15D}
	EndGlobalSection
EndGlobal
