
Microsoft Visual Studio Solution File, Format Version 12.00
# Visual Studio 14
VisualStudioVersion = 14.0.25420.1
MinimumVisualStudioVersion = 10.0.40219.1
Project("{FAE04EC0-301F-11D3-BF4B-00C04F79EFBC}") = "SimpleLangParser", "SimpleLangParser.csproj", "{837BC9FE-DAA9-416E-BCCE-0235E5C38D4B}"
	ProjectSection(ProjectDependencies) = postProject
		{28C0284B-2F43-45D6-A77F-AB08F919717D} = {28C0284B-2F43-45D6-A77F-AB08F919717D}
	EndProjectSection
EndProject
Project("{FAE04EC0-301F-11D3-BF4B-00C04F79EFBC}") = "SimpleLangParserTest", "..\SimpleLangParserTest\SimpleLangParserTest.csproj", "{5DD15A1A-760A-4A3F-BA1B-A23ACDF5CC87}"
	ProjectSection(ProjectDependencies) = postProject
		{28C0284B-2F43-45D6-A77F-AB08F919717D} = {28C0284B-2F43-45D6-A77F-AB08F919717D}
	EndProjectSection
EndProject
Project("{FAE04EC0-301F-11D3-BF4B-00C04F79EFBC}") = "SimpleLangLexer", "..\..\Module2\SimpleLangLexer\SimpleLangLexer.csproj", "{28C0284B-2F43-45D6-A77F-AB08F919717D}"
EndProject
Global
	GlobalSection(SolutionConfigurationPlatforms) = preSolution
		Debug|Any CPU = Debug|Any CPU
		Release|Any CPU = Release|Any CPU
	EndGlobalSection
	GlobalSection(ProjectConfigurationPlatforms) = postSolution
		{837BC9FE-DAA9-416E-BCCE-0235E5C38D4B}.Debug|Any CPU.ActiveCfg = Debug|Any CPU
		{837BC9FE-DAA9-416E-BCCE-0235E5C38D4B}.Debug|Any CPU.Build.0 = Debug|Any CPU
		{837BC9FE-DAA9-416E-BCCE-0235E5C38D4B}.Release|Any CPU.ActiveCfg = Release|Any CPU
		{837BC9FE-DAA9-416E-BCCE-0235E5C38D4B}.Release|Any CPU.Build.0 = Release|Any CPU
		{5DD15A1A-760A-4A3F-BA1B-A23ACDF5CC87}.Debug|Any CPU.ActiveCfg = Debug|Any CPU
		{5DD15A1A-760A-4A3F-BA1B-A23ACDF5CC87}.Debug|Any CPU.Build.0 = Debug|Any CPU
		{5DD15A1A-760A-4A3F-BA1B-A23ACDF5CC87}.Release|Any CPU.ActiveCfg = Release|Any CPU
		{5DD15A1A-760A-4A3F-BA1B-A23ACDF5CC87}.Release|Any CPU.Build.0 = Release|Any CPU
		{28C0284B-2F43-45D6-A77F-AB08F919717D}.Debug|Any CPU.ActiveCfg = Debug|Any CPU
		{28C0284B-2F43-45D6-A77F-AB08F919717D}.Debug|Any CPU.Build.0 = Debug|Any CPU
		{28C0284B-2F43-45D6-A77F-AB08F919717D}.Release|Any CPU.ActiveCfg = Release|Any CPU
		{28C0284B-2F43-45D6-A77F-AB08F919717D}.Release|Any CPU.Build.0 = Release|Any CPU
	EndGlobalSection
	GlobalSection(SolutionProperties) = preSolution
		HideSolutionNode = FALSE
	EndGlobalSection
EndGlobal
